// !$*UTF8*$!
{
	archiveVersion = 1;
	classes = {
	};
	objectVersion = 46;
	objects = {

/* Begin PBXBuildFile section */
		C8543FDF16C4427B009F36DC /* UIKit.framework in Frameworks */ = {isa = PBXBuildFile; fileRef = C8543FDE16C4427B009F36DC /* UIKit.framework */; };
		C8543FE116C4427B009F36DC /* Foundation.framework in Frameworks */ = {isa = PBXBuildFile; fileRef = C8543FE016C4427B009F36DC /* Foundation.framework */; };
		C8543FE316C4427B009F36DC /* CoreGraphics.framework in Frameworks */ = {isa = PBXBuildFile; fileRef = C8543FE216C4427B009F36DC /* CoreGraphics.framework */; };
		C8543FE916C4427B009F36DC /* InfoPlist.strings in Resources */ = {isa = PBXBuildFile; fileRef = C8543FE716C4427B009F36DC /* InfoPlist.strings */; };
		C8543FEB16C4427B009F36DC /* main.m in Sources */ = {isa = PBXBuildFile; fileRef = C8543FEA16C4427B009F36DC /* main.m */; };
		C8543FEF16C4427B009F36DC /* SingleViewBasedAppAppDelegate.m in Sources */ = {isa = PBXBuildFile; fileRef = C8543FEE16C4427B009F36DC /* SingleViewBasedAppAppDelegate.m */; };
		C8543FF116C4427B009F36DC /* Default.png in Resources */ = {isa = PBXBuildFile; fileRef = C8543FF016C4427B009F36DC /* Default.png */; };
		C8543FF316C4427B009F36DC /* Default@2x.png in Resources */ = {isa = PBXBuildFile; fileRef = C8543FF216C4427B009F36DC /* Default@2x.png */; };
		C8543FF516C4427B009F36DC /* Default-568h@2x.png in Resources */ = {isa = PBXBuildFile; fileRef = C8543FF416C4427B009F36DC /* Default-568h@2x.png */; };
		C8543FF816C4427B009F36DC /* SingleViewBasedAppViewController.m in Sources */ = {isa = PBXBuildFile; fileRef = C8543FF716C4427B009F36DC /* SingleViewBasedAppViewController.m */; };
		C8543FFB16C4427B009F36DC /* SingleViewBasedAppViewController.xib in Resources */ = {isa = PBXBuildFile; fileRef = C8543FF916C4427B009F36DC /* SingleViewBasedAppViewController.xib */; };
/* End PBXBuildFile section */

/* Begin PBXFileReference section */
		C8543FDA16C4427B009F36DC /* SingleViewBasedApp.app */ = {isa = PBXFileReference; explicitFileType = wrapper.application; includeInIndex = 0; path = SingleViewBasedApp.app; sourceTree = BUILT_PRODUCTS_DIR; };
		C8543FDE16C4427B009F36DC /* UIKit.framework */ = {isa = PBXFileReference; lastKnownFileType = wrapper.framework; name = UIKit.framework; path = System/Library/Frameworks/UIKit.framework; sourceTree = SDKROOT; };
		C8543FE016C4427B009F36DC /* Foundation.framework */ = {isa = PBXFileReference; lastKnownFileType = wrapper.framework; name = Foundation.framework; path = System/Library/Frameworks/Foundation.framework; sourceTree = SDKROOT; };
		C8543FE216C4427B009F36DC /* CoreGraphics.framework */ = {isa = PBXFileReference; lastKnownFileType = wrapper.framework; name = CoreGraphics.framework; path = System/Library/Frameworks/CoreGraphics.framework; sourceTree = SDKROOT; };
		C8543FE616C4427B009F36DC /* SingleViewBasedApp-Info.plist */ = {isa = PBXFileReference; lastKnownFileType = text.plist.xml; path = "SingleViewBasedApp-Info.plist"; sourceTree = "<group>"; };
		C8543FE816C4427B009F36DC /* en */ = {isa = PBXFileReference; lastKnownFileType = text.plist.strings; name = en; path = en.lproj/InfoPlist.strings; sourceTree = "<group>"; };
		C8543FEA16C4427B009F36DC /* main.m */ = {isa = PBXFileReference; lastKnownFileType = sourcecode.c.objc; path = main.m; sourceTree = "<group>"; };
		C8543FEC16C4427B009F36DC /* SingleViewBasedApp-Prefix.pch */ = {isa = PBXFileReference; lastKnownFileType = sourcecode.c.h; path = "SingleViewBasedApp-Prefix.pch"; sourceTree = "<group>"; };
		C8543FED16C4427B009F36DC /* SingleViewBasedAppAppDelegate.h */ = {isa = PBXFileReference; lastKnownFileType = sourcecode.c.h; path = SingleViewBasedAppAppDelegate.h; sourceTree = "<group>"; };
		C8543FEE16C4427B009F36DC /* SingleViewBasedAppAppDelegate.m */ = {isa = PBXFileReference; lastKnownFileType = sourcecode.c.objc; path = SingleViewBasedAppAppDelegate.m; sourceTree = "<group>"; };
		C8543FF016C4427B009F36DC /* Default.png */ = {isa = PBXFileReference; lastKnownFileType = image.png; path = Default.png; sourceTree = "<group>"; };
		C8543FF216C4427B009F36DC /* Default@2x.png */ = {isa = PBXFileReference; lastKnownFileType = image.png; path = "Default@2x.png"; sourceTree = "<group>"; };
		C8543FF416C4427B009F36DC /* Default-568h@2x.png */ = {isa = PBXFileReference; lastKnownFileType = image.png; path = "Default-568h@2x.png"; sourceTree = "<group>"; };
		C8543FF616C4427B009F36DC /* SingleViewBasedAppViewController.h */ = {isa = PBXFileReference; lastKnownFileType = sourcecode.c.h; path = SingleViewBasedAppViewController.h; sourceTree = "<group>"; };
		C8543FF716C4427B009F36DC /* SingleViewBasedAppViewController.m */ = {isa = PBXFileReference; lastKnownFileType = sourcecode.c.objc; path = SingleViewBasedAppViewController.m; sourceTree = "<group>"; };
		C8543FFA16C4427B009F36DC /* en */ = {isa = PBXFileReference; lastKnownFileType = file.xib; name = en; path = en.lproj/SingleViewBasedAppViewController.xib; sourceTree = "<group>"; };
/* End PBXFileReference section */

/* Begin PBXFrameworksBuildPhase section */
		C8543FD716C4427B009F36DC /* Frameworks */ = {
			isa = PBXFrameworksBuildPhase;
			buildActionMask = 2147483647;
			files = (
				C8543FDF16C4427B009F36DC /* UIKit.framework in Frameworks */,
				C8543FE116C4427B009F36DC /* Foundation.framework in Frameworks */,
				C8543FE316C4427B009F36DC /* CoreGraphics.framework in Frameworks */,
			);
			runOnlyForDeploymentPostprocessing = 0;
		};
/* End PBXFrameworksBuildPhase section */

/* Begin PBXGroup section */
		C8543FCF16C4427B009F36DC = {
			isa = PBXGroup;
			children = (
				C8543FE416C4427B009F36DC /* SingleViewBasedApp */,
				C8543FDD16C4427B009F36DC /* Frameworks */,
				C8543FDB16C4427B009F36DC /* Products */,
			);
			sourceTree = "<group>";
		};
		C8543FDB16C4427B009F36DC /* Products */ = {
			isa = PBXGroup;
			children = (
				C8543FDA16C4427B009F36DC /* SingleViewBasedApp.app */,
			);
			name = Products;
			sourceTree = "<group>";
		};
		C8543FDD16C4427B009F36DC /* Frameworks */ = {
			isa = PBXGroup;
			children = (
				C8543FDE16C4427B009F36DC /* UIKit.framework */,
				C8543FE016C4427B009F36DC /* Foundation.framework */,
				C8543FE216C4427B009F36DC /* CoreGraphics.framework */,
			);
			name = Frameworks;
			sourceTree = "<group>";
		};
		C8543FE416C4427B009F36DC /* SingleViewBasedApp */ = {
			isa = PBXGroup;
			children = (
				C8543FED16C4427B009F36DC /* SingleViewBasedAppAppDelegate.h */,
				C8543FEE16C4427B009F36DC /* SingleViewBasedAppAppDelegate.m */,
				C8543FF616C4427B009F36DC /* SingleViewBasedAppViewController.h */,
				C8543FF716C4427B009F36DC /* SingleViewBasedAppViewController.m */,
				C8543FF916C4427B009F36DC /* SingleViewBasedAppViewController.xib */,
				C8543FE516C4427B009F36DC /* Supporting Files */,
			);
			path = SingleViewBasedApp;
			sourceTree = "<group>";
		};
		C8543FE516C4427B009F36DC /* Supporting Files */ = {
			isa = PBXGroup;
			children = (
				C8543FE616C4427B009F36DC /* SingleViewBasedApp-Info.plist */,
				C8543FE716C4427B009F36DC /* InfoPlist.strings */,
				C8543FEA16C4427B009F36DC /* main.m */,
				C8543FEC16C4427B009F36DC /* SingleViewBasedApp-Prefix.pch */,
				C8543FF016C4427B009F36DC /* Default.png */,
				C8543FF216C4427B009F36DC /* Default@2x.png */,
				C8543FF416C4427B009F36DC /* Default-568h@2x.png */,
			);
			name = "Supporting Files";
			sourceTree = "<group>";
		};
/* End PBXGroup section */

/* Begin PBXNativeTarget section */
		C8543FD916C4427B009F36DC /* SingleViewBasedApp */ = {
			isa = PBXNativeTarget;
			buildConfigurationList = C8543FFE16C4427B009F36DC /* Build configuration list for PBXNativeTarget "SingleViewBasedApp" */;
			buildPhases = (
				C8543FD616C4427B009F36DC /* Sources */,
				C8543FD716C4427B009F36DC /* Frameworks */,
				C8543FD816C4427B009F36DC /* Resources */,
			);
			buildRules = (
			);
			dependencies = (
			);
			name = SingleViewBasedApp;
			productName = SingleViewBasedApp;
			productReference = C8543FDA16C4427B009F36DC /* SingleViewBasedApp.app */;
			productType = "com.apple.product-type.application";
		};
/* End PBXNativeTarget section */

/* Begin PBXProject section */
		C8543FD116C4427B009F36DC /* Project object */ = {
			isa = PBXProject;
			attributes = {
				CLASSPREFIX = SingleViewBasedApp;
				LastUpgradeCheck = 0450;
				ORGANIZATIONNAME = "Andrew Wilson";
			};
			buildConfigurationList = C8543FD416C4427B009F36DC /* Build configuration list for PBXProject "SingleViewBasedApp" */;
			compatibilityVersion = "Xcode 3.2";
			developmentRegion = English;
			hasScannedForEncodings = 0;
			knownRegions = (
				en,
			);
			mainGroup = C8543FCF16C4427B009F36DC;
			productRefGroup = C8543FDB16C4427B009F36DC /* Products */;
			projectDirPath = "";
			projectRoot = "";
			targets = (
				C8543FD916C4427B009F36DC /* SingleViewBasedApp */,
			);
		};
/* End PBXProject section */

/* Begin PBXResourcesBuildPhase section */
		C8543FD816C4427B009F36DC /* Resources */ = {
			isa = PBXResourcesBuildPhase;
			buildActionMask = 2147483647;
			files = (
				C8543FE916C4427B009F36DC /* InfoPlist.strings in Resources */,
				C8543FF116C4427B009F36DC /* Default.png in Resources */,
				C8543FF316C4427B009F36DC /* Default@2x.png in Resources */,
				C8543FF516C4427B009F36DC /* Default-568h@2x.png in Resources */,
				C8543FFB16C4427B009F36DC /* SingleViewBasedAppViewController.xib in Resources */,
			);
			runOnlyForDeploymentPostprocessing = 0;
		};
/* End PBXResourcesBuildPhase section */

/* Begin PBXSourcesBuildPhase section */
		C8543FD616C4427B009F36DC /* Sources */ = {
			isa = PBXSourcesBuildPhase;
			buildActionMask = 2147483647;
			files = (
				C8543FEB16C4427B009F36DC /* main.m in Sources */,
				C8543FEF16C4427B009F36DC /* SingleViewBasedAppAppDelegate.m in Sources */,
				C8543FF816C4427B009F36DC /* SingleViewBasedAppViewController.m in Sources */,
			);
			runOnlyForDeploymentPostprocessing = 0;
		};
/* End PBXSourcesBuildPhase section */

/* Begin PBXVariantGroup section */
		C8543FE716C4427B009F36DC /* InfoPlist.strings */ = {
			isa = PBXVariantGroup;
			children = (
				C8543FE816C4427B009F36DC /* en */,
			);
			name = InfoPlist.strings;
			sourceTree = "<group>";
		};
		C8543FF916C4427B009F36DC /* SingleViewBasedAppViewController.xib */ = {
			isa = PBXVariantGroup;
			children = (
				C8543FFA16C4427B009F36DC /* en */,
			);
			name = SingleViewBasedAppViewController.xib;
			sourceTree = "<group>";
		};
/* End PBXVariantGroup section */

/* Begin XCBuildConfiguration section */
		C8543FFC16C4427B009F36DC /* Debug */ = {
			isa = XCBuildConfiguration;
			buildSettings = {
				ALWAYS_SEARCH_USER_PATHS = NO;
				CLANG_CXX_LANGUAGE_STANDARD = "gnu++0x";
				CLANG_CXX_LIBRARY = "libc++";
				CLANG_WARN_EMPTY_BODY = YES;
				CLANG_WARN__DUPLICATE_METHOD_MATCH = YES;
				"CODE_SIGN_IDENTITY[sdk=iphoneos*]" = "iPhone Developer";
				COPY_PHASE_STRIP = NO;
				GCC_C_LANGUAGE_STANDARD = gnu99;
				GCC_DYNAMIC_NO_PIC = NO;
				GCC_OPTIMIZATION_LEVEL = 0;
				GCC_PREPROCESSOR_DEFINITIONS = (
					"DEBUG=1",
					"$(inherited)",
				);
				GCC_SYMBOLS_PRIVATE_EXTERN = NO;
				GCC_WARN_ABOUT_RETURN_TYPE = YES;
				GCC_WARN_UNINITIALIZED_AUTOS = YES;
				GCC_WARN_UNUSED_VARIABLE = YES;
				IPHONEOS_DEPLOYMENT_TARGET = 6.0;
				ONLY_ACTIVE_ARCH = YES;
				SDKROOT = iphoneos;
			};
			name = Debug;
		};
		C8543FFD16C4427B009F36DC /* Release */ = {
			isa = XCBuildConfiguration;
			buildSettings = {
				ALWAYS_SEARCH_USER_PATHS = NO;
				CLANG_CXX_LANGUAGE_STANDARD = "gnu++0x";
				CLANG_CXX_LIBRARY = "libc++";
				CLANG_WARN_EMPTY_BODY = YES;
				CLANG_WARN__DUPLICATE_METHOD_MATCH = YES;
				"CODE_SIGN_IDENTITY[sdk=iphoneos*]" = "iPhone Developer";
				COPY_PHASE_STRIP = YES;
				GCC_C_LANGUAGE_STANDARD = gnu99;
				GCC_WARN_ABOUT_RETURN_TYPE = YES;
				GCC_WARN_UNINITIALIZED_AUTOS = YES;
				GCC_WARN_UNUSED_VARIABLE = YES;
				IPHONEOS_DEPLOYMENT_TARGET = 6.0;
				OTHER_CFLAGS = "-DNS_BLOCK_ASSERTIONS=1";
				SDKROOT = iphoneos;
				VALIDATE_PRODUCT = YES;
			};
			name = Release;
		};
		C8543FFF16C4427B009F36DC /* Debug */ = {
			isa = XCBuildConfiguration;
			buildSettings = {
				GCC_PRECOMPILE_PREFIX_HEADER = YES;
				GCC_PREFIX_HEADER = "SingleViewBasedApp/SingleViewBasedApp-Prefix.pch";
				INFOPLIST_FILE = "SingleViewBasedApp/SingleViewBasedApp-Info.plist";
				PRODUCT_NAME = "$(TARGET_NAME)";
				WRAPPER_EXTENSION = app;
			};
			name = Debug;
		};
		C854400016C4427B009F36DC /* Release */ = {
			isa = XCBuildConfiguration;
			buildSettings = {
				GCC_PRECOMPILE_PREFIX_HEADER = YES;
				GCC_PREFIX_HEADER = "SingleViewBasedApp/SingleViewBasedApp-Prefix.pch";
				INFOPLIST_FILE = "SingleViewBasedApp/SingleViewBasedApp-Info.plist";
				PRODUCT_NAME = "$(TARGET_NAME)";
				WRAPPER_EXTENSION = app;
			};
			name = Release;
		};
/* End XCBuildConfiguration section */

/* Begin XCConfigurationList section */
		C8543FD416C4427B009F36DC /* Build configuration list for PBXProject "SingleViewBasedApp" */ = {
			isa = XCConfigurationList;
			buildConfigurations = (
				C8543FFC16C4427B009F36DC /* Debug */,
				C8543FFD16C4427B009F36DC /* Release */,
			);
			defaultConfigurationIsVisible = 0;
			defaultConfigurationName = Release;
		};
		C8543FFE16C4427B009F36DC /* Build configuration list for PBXNativeTarget "SingleViewBasedApp" */ = {
			isa = XCConfigurationList;
			buildConfigurations = (
				C8543FFF16C4427B009F36DC /* Debug */,
				C854400016C4427B009F36DC /* Release */,
			);
			defaultConfigurationIsVisible = 0;
		};
/* End XCConfigurationList section */
	};
	rootObject = C8543FD116C4427B009F36DC /* Project object */;
}
