// !$*UTF8*$!
{
	archiveVersion = 1;
	classes = {
	};
	objectVersion = 46;
	objects = {

/* Begin PBXBuildFile section */
		C8050A3D16CAEC3100993F77 /* UIKit.framework in Frameworks */ = {isa = PBXBuildFile; fileRef = C8050A3C16CAEC3100993F77 /* UIKit.framework */; };
		C8050A3F16CAEC3100993F77 /* Foundation.framework in Frameworks */ = {isa = PBXBuildFile; fileRef = C8050A3E16CAEC3100993F77 /* Foundation.framework */; };
		C8050A4116CAEC3100993F77 /* CoreGraphics.framework in Frameworks */ = {isa = PBXBuildFile; fileRef = C8050A4016CAEC3100993F77 /* CoreGraphics.framework */; };
		C8050A4716CAEC3100993F77 /* InfoPlist.strings in Resources */ = {isa = PBXBuildFile; fileRef = C8050A4516CAEC3100993F77 /* InfoPlist.strings */; };
		C8050A4916CAEC3100993F77 /* main.m in Sources */ = {isa = PBXBuildFile; fileRef = C8050A4816CAEC3100993F77 /* main.m */; };
		C8050A4D16CAEC3100993F77 /* ScrollerAppDelegate.m in Sources */ = {isa = PBXBuildFile; fileRef = C8050A4C16CAEC3100993F77 /* ScrollerAppDelegate.m */; };
		C8050A4F16CAEC3100993F77 /* Default.png in Resources */ = {isa = PBXBuildFile; fileRef = C8050A4E16CAEC3100993F77 /* Default.png */; };
		C8050A5116CAEC3100993F77 /* Default@2x.png in Resources */ = {isa = PBXBuildFile; fileRef = C8050A5016CAEC3100993F77 /* Default@2x.png */; };
		C8050A5316CAEC3100993F77 /* Default-568h@2x.png in Resources */ = {isa = PBXBuildFile; fileRef = C8050A5216CAEC3100993F77 /* Default-568h@2x.png */; };
		C8050A5616CAEC3100993F77 /* ScrollerViewController.m in Sources */ = {isa = PBXBuildFile; fileRef = C8050A5516CAEC3100993F77 /* ScrollerViewController.m */; };
		C8050A5916CAEC3100993F77 /* ScrollerViewController.xib in Resources */ = {isa = PBXBuildFile; fileRef = C8050A5716CAEC3100993F77 /* ScrollerViewController.xib */; };
/* End PBXBuildFile section */

/* Begin PBXFileReference section */
		C8050A3816CAEC3100993F77 /* Scroller.app */ = {isa = PBXFileReference; explicitFileType = wrapper.application; includeInIndex = 0; path = Scroller.app; sourceTree = BUILT_PRODUCTS_DIR; };
		C8050A3C16CAEC3100993F77 /* UIKit.framework */ = {isa = PBXFileReference; lastKnownFileType = wrapper.framework; name = UIKit.framework; path = System/Library/Frameworks/UIKit.framework; sourceTree = SDKROOT; };
		C8050A3E16CAEC3100993F77 /* Foundation.framework */ = {isa = PBXFileReference; lastKnownFileType = wrapper.framework; name = Foundation.framework; path = System/Library/Frameworks/Foundation.framework; sourceTree = SDKROOT; };
		C8050A4016CAEC3100993F77 /* CoreGraphics.framework */ = {isa = PBXFileReference; lastKnownFileType = wrapper.framework; name = CoreGraphics.framework; path = System/Library/Frameworks/CoreGraphics.framework; sourceTree = SDKROOT; };
		C8050A4416CAEC3100993F77 /* Scroller-Info.plist */ = {isa = PBXFileReference; lastKnownFileType = text.plist.xml; path = "Scroller-Info.plist"; sourceTree = "<group>"; };
		C8050A4616CAEC3100993F77 /* en */ = {isa = PBXFileReference; lastKnownFileType = text.plist.strings; name = en; path = en.lproj/InfoPlist.strings; sourceTree = "<group>"; };
		C8050A4816CAEC3100993F77 /* main.m */ = {isa = PBXFileReference; lastKnownFileType = sourcecode.c.objc; path = main.m; sourceTree = "<group>"; };
		C8050A4A16CAEC3100993F77 /* Scroller-Prefix.pch */ = {isa = PBXFileReference; lastKnownFileType = sourcecode.c.h; path = "Scroller-Prefix.pch"; sourceTree = "<group>"; };
		C8050A4B16CAEC3100993F77 /* ScrollerAppDelegate.h */ = {isa = PBXFileReference; lastKnownFileType = sourcecode.c.h; path = ScrollerAppDelegate.h; sourceTree = "<group>"; };
		C8050A4C16CAEC3100993F77 /* ScrollerAppDelegate.m */ = {isa = PBXFileReference; lastKnownFileType = sourcecode.c.objc; path = ScrollerAppDelegate.m; sourceTree = "<group>"; };
		C8050A4E16CAEC3100993F77 /* Default.png */ = {isa = PBXFileReference; lastKnownFileType = image.png; path = Default.png; sourceTree = "<group>"; };
		C8050A5016CAEC3100993F77 /* Default@2x.png */ = {isa = PBXFileReference; lastKnownFileType = image.png; path = "Default@2x.png"; sourceTree = "<group>"; };
		C8050A5216CAEC3100993F77 /* Default-568h@2x.png */ = {isa = PBXFileReference; lastKnownFileType = image.png; path = "Default-568h@2x.png"; sourceTree = "<group>"; };
		C8050A5416CAEC3100993F77 /* ScrollerViewController.h */ = {isa = PBXFileReference; lastKnownFileType = sourcecode.c.h; path = ScrollerViewController.h; sourceTree = "<group>"; };
		C8050A5516CAEC3100993F77 /* ScrollerViewController.m */ = {isa = PBXFileReference; lastKnownFileType = sourcecode.c.objc; path = ScrollerViewController.m; sourceTree = "<group>"; };
		C8050A5816CAEC3100993F77 /* en */ = {isa = PBXFileReference; lastKnownFileType = file.xib; name = en; path = en.lproj/ScrollerViewController.xib; sourceTree = "<group>"; };
/* End PBXFileReference section */

/* Begin PBXFrameworksBuildPhase section */
		C8050A3516CAEC3100993F77 /* Frameworks */ = {
			isa = PBXFrameworksBuildPhase;
			buildActionMask = 2147483647;
			files = (
				C8050A3D16CAEC3100993F77 /* UIKit.framework in Frameworks */,
				C8050A3F16CAEC3100993F77 /* Foundation.framework in Frameworks */,
				C8050A4116CAEC3100993F77 /* CoreGraphics.framework in Frameworks */,
			);
			runOnlyForDeploymentPostprocessing = 0;
		};
/* End PBXFrameworksBuildPhase section */

/* Begin PBXGroup section */
		C8050A2D16CAEC3100993F77 = {
			isa = PBXGroup;
			children = (
				C8050A4216CAEC3100993F77 /* Scroller */,
				C8050A3B16CAEC3100993F77 /* Frameworks */,
				C8050A3916CAEC3100993F77 /* Products */,
			);
			sourceTree = "<group>";
		};
		C8050A3916CAEC3100993F77 /* Products */ = {
			isa = PBXGroup;
			children = (
				C8050A3816CAEC3100993F77 /* Scroller.app */,
			);
			name = Products;
			sourceTree = "<group>";
		};
		C8050A3B16CAEC3100993F77 /* Frameworks */ = {
			isa = PBXGroup;
			children = (
				C8050A3C16CAEC3100993F77 /* UIKit.framework */,
				C8050A3E16CAEC3100993F77 /* Foundation.framework */,
				C8050A4016CAEC3100993F77 /* CoreGraphics.framework */,
			);
			name = Frameworks;
			sourceTree = "<group>";
		};
		C8050A4216CAEC3100993F77 /* Scroller */ = {
			isa = PBXGroup;
			children = (
				C8050A4B16CAEC3100993F77 /* ScrollerAppDelegate.h */,
				C8050A4C16CAEC3100993F77 /* ScrollerAppDelegate.m */,
				C8050A5416CAEC3100993F77 /* ScrollerViewController.h */,
				C8050A5516CAEC3100993F77 /* ScrollerViewController.m */,
				C8050A5716CAEC3100993F77 /* ScrollerViewController.xib */,
				C8050A4316CAEC3100993F77 /* Supporting Files */,
			);
			path = Scroller;
			sourceTree = "<group>";
		};
		C8050A4316CAEC3100993F77 /* Supporting Files */ = {
			isa = PBXGroup;
			children = (
				C8050A4416CAEC3100993F77 /* Scroller-Info.plist */,
				C8050A4516CAEC3100993F77 /* InfoPlist.strings */,
				C8050A4816CAEC3100993F77 /* main.m */,
				C8050A4A16CAEC3100993F77 /* Scroller-Prefix.pch */,
				C8050A4E16CAEC3100993F77 /* Default.png */,
				C8050A5016CAEC3100993F77 /* Default@2x.png */,
				C8050A5216CAEC3100993F77 /* Default-568h@2x.png */,
			);
			name = "Supporting Files";
			sourceTree = "<group>";
		};
/* End PBXGroup section */

/* Begin PBXNativeTarget section */
		C8050A3716CAEC3100993F77 /* Scroller */ = {
			isa = PBXNativeTarget;
			buildConfigurationList = C8050A5C16CAEC3100993F77 /* Build configuration list for PBXNativeTarget "Scroller" */;
			buildPhases = (
				C8050A3416CAEC3100993F77 /* Sources */,
				C8050A3516CAEC3100993F77 /* Frameworks */,
				C8050A3616CAEC3100993F77 /* Resources */,
			);
			buildRules = (
			);
			dependencies = (
			);
			name = Scroller;
			productName = Scroller;
			productReference = C8050A3816CAEC3100993F77 /* Scroller.app */;
			productType = "com.apple.product-type.application";
		};
/* End PBXNativeTarget section */

/* Begin PBXProject section */
		C8050A2F16CAEC3100993F77 /* Project object */ = {
			isa = PBXProject;
			attributes = {
				CLASSPREFIX = Scroller;
				LastUpgradeCheck = 0450;
				ORGANIZATIONNAME = "Andrew Wilson";
			};
			buildConfigurationList = C8050A3216CAEC3100993F77 /* Build configuration list for PBXProject "Scroller" */;
			compatibilityVersion = "Xcode 3.2";
			developmentRegion = English;
			hasScannedForEncodings = 0;
			knownRegions = (
				en,
			);
			mainGroup = C8050A2D16CAEC3100993F77;
			productRefGroup = C8050A3916CAEC3100993F77 /* Products */;
			projectDirPath = "";
			projectRoot = "";
			targets = (
				C8050A3716CAEC3100993F77 /* Scroller */,
			);
		};
/* End PBXProject section */

/* Begin PBXResourcesBuildPhase section */
		C8050A3616CAEC3100993F77 /* Resources */ = {
			isa = PBXResourcesBuildPhase;
			buildActionMask = 2147483647;
			files = (
				C8050A4716CAEC3100993F77 /* InfoPlist.strings in Resources */,
				C8050A4F16CAEC3100993F77 /* Default.png in Resources */,
				C8050A5116CAEC3100993F77 /* Default@2x.png in Resources */,
				C8050A5316CAEC3100993F77 /* Default-568h@2x.png in Resources */,
				C8050A5916CAEC3100993F77 /* ScrollerViewController.xib in Resources */,
			);
			runOnlyForDeploymentPostprocessing = 0;
		};
/* End PBXResourcesBuildPhase section */

/* Begin PBXSourcesBuildPhase section */
		C8050A3416CAEC3100993F77 /* Sources */ = {
			isa = PBXSourcesBuildPhase;
			buildActionMask = 2147483647;
			files = (
				C8050A4916CAEC3100993F77 /* main.m in Sources */,
				C8050A4D16CAEC3100993F77 /* ScrollerAppDelegate.m in Sources */,
				C8050A5616CAEC3100993F77 /* ScrollerViewController.m in Sources */,
			);
			runOnlyForDeploymentPostprocessing = 0;
		};
/* End PBXSourcesBuildPhase section */

/* Begin PBXVariantGroup section */
		C8050A4516CAEC3100993F77 /* InfoPlist.strings */ = {
			isa = PBXVariantGroup;
			children = (
				C8050A4616CAEC3100993F77 /* en */,
			);
			name = InfoPlist.strings;
			sourceTree = "<group>";
		};
		C8050A5716CAEC3100993F77 /* ScrollerViewController.xib */ = {
			isa = PBXVariantGroup;
			children = (
				C8050A5816CAEC3100993F77 /* en */,
			);
			name = ScrollerViewController.xib;
			sourceTree = "<group>";
		};
/* End PBXVariantGroup section */

/* Begin XCBuildConfiguration section */
		C8050A5A16CAEC3100993F77 /* Debug */ = {
			isa = XCBuildConfiguration;
			buildSettings = {
				ALWAYS_SEARCH_USER_PATHS = NO;
				CLANG_CXX_LANGUAGE_STANDARD = "gnu++0x";
				CLANG_CXX_LIBRARY = "libc++";
				CLANG_WARN_EMPTY_BODY = YES;
				CLANG_WARN__DUPLICATE_METHOD_MATCH = YES;
				"CODE_SIGN_IDENTITY[sdk=iphoneos*]" = "iPhone Developer";
				COPY_PHASE_STRIP = NO;
				GCC_C_LANGUAGE_STANDARD = gnu99;
				GCC_DYNAMIC_NO_PIC = NO;
				GCC_OPTIMIZATION_LEVEL = 0;
				GCC_PREPROCESSOR_DEFINITIONS = (
					"DEBUG=1",
					"$(inherited)",
				);
				GCC_SYMBOLS_PRIVATE_EXTERN = NO;
				GCC_WARN_ABOUT_RETURN_TYPE = YES;
				GCC_WARN_UNINITIALIZED_AUTOS = YES;
				GCC_WARN_UNUSED_VARIABLE = YES;
				IPHONEOS_DEPLOYMENT_TARGET = 6.0;
				ONLY_ACTIVE_ARCH = YES;
				SDKROOT = iphoneos;
			};
			name = Debug;
		};
		C8050A5B16CAEC3100993F77 /* Release */ = {
			isa = XCBuildConfiguration;
			buildSettings = {
				ALWAYS_SEARCH_USER_PATHS = NO;
				CLANG_CXX_LANGUAGE_STANDARD = "gnu++0x";
				CLANG_CXX_LIBRARY = "libc++";
				CLANG_WARN_EMPTY_BODY = YES;
				CLANG_WARN__DUPLICATE_METHOD_MATCH = YES;
				"CODE_SIGN_IDENTITY[sdk=iphoneos*]" = "iPhone Developer";
				COPY_PHASE_STRIP = YES;
				GCC_C_LANGUAGE_STANDARD = gnu99;
				GCC_WARN_ABOUT_RETURN_TYPE = YES;
				GCC_WARN_UNINITIALIZED_AUTOS = YES;
				GCC_WARN_UNUSED_VARIABLE = YES;
				IPHONEOS_DEPLOYMENT_TARGET = 6.0;
				OTHER_CFLAGS = "-DNS_BLOCK_ASSERTIONS=1";
				SDKROOT = iphoneos;
				VALIDATE_PRODUCT = YES;
			};
			name = Release;
		};
		C8050A5D16CAEC3100993F77 /* Debug */ = {
			isa = XCBuildConfiguration;
			buildSettings = {
				GCC_PRECOMPILE_PREFIX_HEADER = YES;
				GCC_PREFIX_HEADER = "Scroller/Scroller-Prefix.pch";
				INFOPLIST_FILE = "Scroller/Scroller-Info.plist";
				PRODUCT_NAME = "$(TARGET_NAME)";
				WRAPPER_EXTENSION = app;
			};
			name = Debug;
		};
		C8050A5E16CAEC3100993F77 /* Release */ = {
			isa = XCBuildConfiguration;
			buildSettings = {
				GCC_PRECOMPILE_PREFIX_HEADER = YES;
				GCC_PREFIX_HEADER = "Scroller/Scroller-Prefix.pch";
				INFOPLIST_FILE = "Scroller/Scroller-Info.plist";
				PRODUCT_NAME = "$(TARGET_NAME)";
				WRAPPER_EXTENSION = app;
			};
			name = Release;
		};
/* End XCBuildConfiguration section */

/* Begin XCConfigurationList section */
		C8050A3216CAEC3100993F77 /* Build configuration list for PBXProject "Scroller" */ = {
			isa = XCConfigurationList;
			buildConfigurations = (
				C8050A5A16CAEC3100993F77 /* Debug */,
				C8050A5B16CAEC3100993F77 /* Release */,
			);
			defaultConfigurationIsVisible = 0;
			defaultConfigurationName = Release;
		};
		C8050A5C16CAEC3100993F77 /* Build configuration list for PBXNativeTarget "Scroller" */ = {
			isa = XCConfigurationList;
			buildConfigurations = (
				C8050A5D16CAEC3100993F77 /* Debug */,
				C8050A5E16CAEC3100993F77 /* Release */,
			);
			defaultConfigurationIsVisible = 0;
		};
/* End XCConfigurationList section */
	};
	rootObject = C8050A2F16CAEC3100993F77 /* Project object */;
}
