// !$*UTF8*$!
{
	archiveVersion = 1;
	classes = {
	};
	objectVersion = 46;
	objects = {

/* Begin PBXBuildFile section */
		C854401116C449AF009F36DC /* UIKit.framework in Frameworks */ = {isa = PBXBuildFile; fileRef = C854401016C449AF009F36DC /* UIKit.framework */; };
		C854401316C449AF009F36DC /* Foundation.framework in Frameworks */ = {isa = PBXBuildFile; fileRef = C854401216C449AF009F36DC /* Foundation.framework */; };
		C854401516C449AF009F36DC /* CoreGraphics.framework in Frameworks */ = {isa = PBXBuildFile; fileRef = C854401416C449AF009F36DC /* CoreGraphics.framework */; };
		C854401B16C449AF009F36DC /* InfoPlist.strings in Resources */ = {isa = PBXBuildFile; fileRef = C854401916C449AF009F36DC /* InfoPlist.strings */; };
		C854401D16C449AF009F36DC /* main.m in Sources */ = {isa = PBXBuildFile; fileRef = C854401C16C449AF009F36DC /* main.m */; };
		C854402116C449AF009F36DC /* EmptyAppAppDelegate.m in Sources */ = {isa = PBXBuildFile; fileRef = C854402016C449AF009F36DC /* EmptyAppAppDelegate.m */; };
		C854402316C449AF009F36DC /* Default.png in Resources */ = {isa = PBXBuildFile; fileRef = C854402216C449AF009F36DC /* Default.png */; };
		C854402516C449AF009F36DC /* Default@2x.png in Resources */ = {isa = PBXBuildFile; fileRef = C854402416C449AF009F36DC /* Default@2x.png */; };
		C854402716C449AF009F36DC /* Default-568h@2x.png in Resources */ = {isa = PBXBuildFile; fileRef = C854402616C449AF009F36DC /* Default-568h@2x.png */; };
		C854403016C44A81009F36DC /* EmptyAppViewController.m in Sources */ = {isa = PBXBuildFile; fileRef = C854402E16C44A81009F36DC /* EmptyAppViewController.m */; };
		C854403116C44A81009F36DC /* EmptyAppViewController.xib in Resources */ = {isa = PBXBuildFile; fileRef = C854402F16C44A81009F36DC /* EmptyAppViewController.xib */; };
		C854403516C44BDD009F36DC /* SecondViewController.m in Sources */ = {isa = PBXBuildFile; fileRef = C854403316C44BDD009F36DC /* SecondViewController.m */; };
		C854403616C44BDD009F36DC /* SecondViewController.xib in Resources */ = {isa = PBXBuildFile; fileRef = C854403416C44BDD009F36DC /* SecondViewController.xib */; };
/* End PBXBuildFile section */

/* Begin PBXFileReference section */
		C854400C16C449AF009F36DC /* EmptyApp.app */ = {isa = PBXFileReference; explicitFileType = wrapper.application; includeInIndex = 0; path = EmptyApp.app; sourceTree = BUILT_PRODUCTS_DIR; };
		C854401016C449AF009F36DC /* UIKit.framework */ = {isa = PBXFileReference; lastKnownFileType = wrapper.framework; name = UIKit.framework; path = System/Library/Frameworks/UIKit.framework; sourceTree = SDKROOT; };
		C854401216C449AF009F36DC /* Foundation.framework */ = {isa = PBXFileReference; lastKnownFileType = wrapper.framework; name = Foundation.framework; path = System/Library/Frameworks/Foundation.framework; sourceTree = SDKROOT; };
		C854401416C449AF009F36DC /* CoreGraphics.framework */ = {isa = PBXFileReference; lastKnownFileType = wrapper.framework; name = CoreGraphics.framework; path = System/Library/Frameworks/CoreGraphics.framework; sourceTree = SDKROOT; };
		C854401816C449AF009F36DC /* EmptyApp-Info.plist */ = {isa = PBXFileReference; lastKnownFileType = text.plist.xml; path = "EmptyApp-Info.plist"; sourceTree = "<group>"; };
		C854401A16C449AF009F36DC /* en */ = {isa = PBXFileReference; lastKnownFileType = text.plist.strings; name = en; path = en.lproj/InfoPlist.strings; sourceTree = "<group>"; };
		C854401C16C449AF009F36DC /* main.m */ = {isa = PBXFileReference; lastKnownFileType = sourcecode.c.objc; path = main.m; sourceTree = "<group>"; };
		C854401E16C449AF009F36DC /* EmptyApp-Prefix.pch */ = {isa = PBXFileReference; lastKnownFileType = sourcecode.c.h; path = "EmptyApp-Prefix.pch"; sourceTree = "<group>"; };
		C854401F16C449AF009F36DC /* EmptyAppAppDelegate.h */ = {isa = PBXFileReference; lastKnownFileType = sourcecode.c.h; path = EmptyAppAppDelegate.h; sourceTree = "<group>"; };
		C854402016C449AF009F36DC /* EmptyAppAppDelegate.m */ = {isa = PBXFileReference; lastKnownFileType = sourcecode.c.objc; path = EmptyAppAppDelegate.m; sourceTree = "<group>"; };
		C854402216C449AF009F36DC /* Default.png */ = {isa = PBXFileReference; lastKnownFileType = image.png; path = Default.png; sourceTree = "<group>"; };
		C854402416C449AF009F36DC /* Default@2x.png */ = {isa = PBXFileReference; lastKnownFileType = image.png; path = "Default@2x.png"; sourceTree = "<group>"; };
		C854402616C449AF009F36DC /* Default-568h@2x.png */ = {isa = PBXFileReference; lastKnownFileType = image.png; path = "Default-568h@2x.png"; sourceTree = "<group>"; };
		C854402D16C44A81009F36DC /* EmptyAppViewController.h */ = {isa = PBXFileReference; fileEncoding = 4; lastKnownFileType = sourcecode.c.h; path = EmptyAppViewController.h; sourceTree = "<group>"; };
		C854402E16C44A81009F36DC /* EmptyAppViewController.m */ = {isa = PBXFileReference; fileEncoding = 4; lastKnownFileType = sourcecode.c.objc; path = EmptyAppViewController.m; sourceTree = "<group>"; };
		C854402F16C44A81009F36DC /* EmptyAppViewController.xib */ = {isa = PBXFileReference; fileEncoding = 4; lastKnownFileType = file.xib; path = EmptyAppViewController.xib; sourceTree = "<group>"; };
		C854403216C44BDD009F36DC /* SecondViewController.h */ = {isa = PBXFileReference; fileEncoding = 4; lastKnownFileType = sourcecode.c.h; path = SecondViewController.h; sourceTree = "<group>"; };
		C854403316C44BDD009F36DC /* SecondViewController.m */ = {isa = PBXFileReference; fileEncoding = 4; lastKnownFileType = sourcecode.c.objc; path = SecondViewController.m; sourceTree = "<group>"; };
		C854403416C44BDD009F36DC /* SecondViewController.xib */ = {isa = PBXFileReference; fileEncoding = 4; lastKnownFileType = file.xib; path = SecondViewController.xib; sourceTree = "<group>"; };
/* End PBXFileReference section */

/* Begin PBXFrameworksBuildPhase section */
		C854400916C449AF009F36DC /* Frameworks */ = {
			isa = PBXFrameworksBuildPhase;
			buildActionMask = 2147483647;
			files = (
				C854401116C449AF009F36DC /* UIKit.framework in Frameworks */,
				C854401316C449AF009F36DC /* Foundation.framework in Frameworks */,
				C854401516C449AF009F36DC /* CoreGraphics.framework in Frameworks */,
			);
			runOnlyForDeploymentPostprocessing = 0;
		};
/* End PBXFrameworksBuildPhase section */

/* Begin PBXGroup section */
		C854400116C449AF009F36DC = {
			isa = PBXGroup;
			children = (
				C854403216C44BDD009F36DC /* SecondViewController.h */,
				C854403316C44BDD009F36DC /* SecondViewController.m */,
				C854403416C44BDD009F36DC /* SecondViewController.xib */,
				C854402D16C44A81009F36DC /* EmptyAppViewController.h */,
				C854402E16C44A81009F36DC /* EmptyAppViewController.m */,
				C854402F16C44A81009F36DC /* EmptyAppViewController.xib */,
				C854401616C449AF009F36DC /* EmptyApp */,
				C854400F16C449AF009F36DC /* Frameworks */,
				C854400D16C449AF009F36DC /* Products */,
			);
			sourceTree = "<group>";
		};
		C854400D16C449AF009F36DC /* Products */ = {
			isa = PBXGroup;
			children = (
				C854400C16C449AF009F36DC /* EmptyApp.app */,
			);
			name = Products;
			sourceTree = "<group>";
		};
		C854400F16C449AF009F36DC /* Frameworks */ = {
			isa = PBXGroup;
			children = (
				C854401016C449AF009F36DC /* UIKit.framework */,
				C854401216C449AF009F36DC /* Foundation.framework */,
				C854401416C449AF009F36DC /* CoreGraphics.framework */,
			);
			name = Frameworks;
			sourceTree = "<group>";
		};
		C854401616C449AF009F36DC /* EmptyApp */ = {
			isa = PBXGroup;
			children = (
				C854401F16C449AF009F36DC /* EmptyAppAppDelegate.h */,
				C854402016C449AF009F36DC /* EmptyAppAppDelegate.m */,
				C854401716C449AF009F36DC /* Supporting Files */,
			);
			path = EmptyApp;
			sourceTree = "<group>";
		};
		C854401716C449AF009F36DC /* Supporting Files */ = {
			isa = PBXGroup;
			children = (
				C854401816C449AF009F36DC /* EmptyApp-Info.plist */,
				C854401916C449AF009F36DC /* InfoPlist.strings */,
				C854401C16C449AF009F36DC /* main.m */,
				C854401E16C449AF009F36DC /* EmptyApp-Prefix.pch */,
				C854402216C449AF009F36DC /* Default.png */,
				C854402416C449AF009F36DC /* Default@2x.png */,
				C854402616C449AF009F36DC /* Default-568h@2x.png */,
			);
			name = "Supporting Files";
			sourceTree = "<group>";
		};
/* End PBXGroup section */

/* Begin PBXNativeTarget section */
		C854400B16C449AF009F36DC /* EmptyApp */ = {
			isa = PBXNativeTarget;
			buildConfigurationList = C854402A16C449AF009F36DC /* Build configuration list for PBXNativeTarget "EmptyApp" */;
			buildPhases = (
				C854400816C449AF009F36DC /* Sources */,
				C854400916C449AF009F36DC /* Frameworks */,
				C854400A16C449AF009F36DC /* Resources */,
			);
			buildRules = (
			);
			dependencies = (
			);
			name = EmptyApp;
			productName = EmptyApp;
			productReference = C854400C16C449AF009F36DC /* EmptyApp.app */;
			productType = "com.apple.product-type.application";
		};
/* End PBXNativeTarget section */

/* Begin PBXProject section */
		C854400316C449AF009F36DC /* Project object */ = {
			isa = PBXProject;
			attributes = {
				CLASSPREFIX = EmptyApp;
				LastUpgradeCheck = 0450;
				ORGANIZATIONNAME = "Andrew Wilson";
			};
			buildConfigurationList = C854400616C449AF009F36DC /* Build configuration list for PBXProject "EmptyApp" */;
			compatibilityVersion = "Xcode 3.2";
			developmentRegion = English;
			hasScannedForEncodings = 0;
			knownRegions = (
				en,
			);
			mainGroup = C854400116C449AF009F36DC;
			productRefGroup = C854400D16C449AF009F36DC /* Products */;
			projectDirPath = "";
			projectRoot = "";
			targets = (
				C854400B16C449AF009F36DC /* EmptyApp */,
			);
		};
/* End PBXProject section */

/* Begin PBXResourcesBuildPhase section */
		C854400A16C449AF009F36DC /* Resources */ = {
			isa = PBXResourcesBuildPhase;
			buildActionMask = 2147483647;
			files = (
				C854401B16C449AF009F36DC /* InfoPlist.strings in Resources */,
				C854402316C449AF009F36DC /* Default.png in Resources */,
				C854402516C449AF009F36DC /* Default@2x.png in Resources */,
				C854402716C449AF009F36DC /* Default-568h@2x.png in Resources */,
				C854403116C44A81009F36DC /* EmptyAppViewController.xib in Resources */,
				C854403616C44BDD009F36DC /* SecondViewController.xib in Resources */,
			);
			runOnlyForDeploymentPostprocessing = 0;
		};
/* End PBXResourcesBuildPhase section */

/* Begin PBXSourcesBuildPhase section */
		C854400816C449AF009F36DC /* Sources */ = {
			isa = PBXSourcesBuildPhase;
			buildActionMask = 2147483647;
			files = (
				C854401D16C449AF009F36DC /* main.m in Sources */,
				C854402116C449AF009F36DC /* EmptyAppAppDelegate.m in Sources */,
				C854403016C44A81009F36DC /* EmptyAppViewController.m in Sources */,
				C854403516C44BDD009F36DC /* SecondViewController.m in Sources */,
			);
			runOnlyForDeploymentPostprocessing = 0;
		};
/* End PBXSourcesBuildPhase section */

/* Begin PBXVariantGroup section */
		C854401916C449AF009F36DC /* InfoPlist.strings */ = {
			isa = PBXVariantGroup;
			children = (
				C854401A16C449AF009F36DC /* en */,
			);
			name = InfoPlist.strings;
			sourceTree = "<group>";
		};
/* End PBXVariantGroup section */

/* Begin XCBuildConfiguration section */
		C854402816C449AF009F36DC /* Debug */ = {
			isa = XCBuildConfiguration;
			buildSettings = {
				ALWAYS_SEARCH_USER_PATHS = NO;
				CLANG_CXX_LANGUAGE_STANDARD = "gnu++0x";
				CLANG_CXX_LIBRARY = "libc++";
				CLANG_WARN_EMPTY_BODY = YES;
				CLANG_WARN__DUPLICATE_METHOD_MATCH = YES;
				"CODE_SIGN_IDENTITY[sdk=iphoneos*]" = "iPhone Developer";
				COPY_PHASE_STRIP = NO;
				GCC_C_LANGUAGE_STANDARD = gnu99;
				GCC_DYNAMIC_NO_PIC = NO;
				GCC_OPTIMIZATION_LEVEL = 0;
				GCC_PREPROCESSOR_DEFINITIONS = (
					"DEBUG=1",
					"$(inherited)",
				);
				GCC_SYMBOLS_PRIVATE_EXTERN = NO;
				GCC_WARN_ABOUT_RETURN_TYPE = YES;
				GCC_WARN_UNINITIALIZED_AUTOS = YES;
				GCC_WARN_UNUSED_VARIABLE = YES;
				IPHONEOS_DEPLOYMENT_TARGET = 6.0;
				ONLY_ACTIVE_ARCH = YES;
				SDKROOT = iphoneos;
			};
			name = Debug;
		};
		C854402916C449AF009F36DC /* Release */ = {
			isa = XCBuildConfiguration;
			buildSettings = {
				ALWAYS_SEARCH_USER_PATHS = NO;
				CLANG_CXX_LANGUAGE_STANDARD = "gnu++0x";
				CLANG_CXX_LIBRARY = "libc++";
				CLANG_WARN_EMPTY_BODY = YES;
				CLANG_WARN__DUPLICATE_METHOD_MATCH = YES;
				"CODE_SIGN_IDENTITY[sdk=iphoneos*]" = "iPhone Developer";
				COPY_PHASE_STRIP = YES;
				GCC_C_LANGUAGE_STANDARD = gnu99;
				GCC_WARN_ABOUT_RETURN_TYPE = YES;
				GCC_WARN_UNINITIALIZED_AUTOS = YES;
				GCC_WARN_UNUSED_VARIABLE = YES;
				IPHONEOS_DEPLOYMENT_TARGET = 6.0;
				OTHER_CFLAGS = "-DNS_BLOCK_ASSERTIONS=1";
				SDKROOT = iphoneos;
				VALIDATE_PRODUCT = YES;
			};
			name = Release;
		};
		C854402B16C449AF009F36DC /* Debug */ = {
			isa = XCBuildConfiguration;
			buildSettings = {
				GCC_PRECOMPILE_PREFIX_HEADER = YES;
				GCC_PREFIX_HEADER = "EmptyApp/EmptyApp-Prefix.pch";
				INFOPLIST_FILE = "EmptyApp/EmptyApp-Info.plist";
				PRODUCT_NAME = "$(TARGET_NAME)";
				WRAPPER_EXTENSION = app;
			};
			name = Debug;
		};
		C854402C16C449AF009F36DC /* Release */ = {
			isa = XCBuildConfiguration;
			buildSettings = {
				GCC_PRECOMPILE_PREFIX_HEADER = YES;
				GCC_PREFIX_HEADER = "EmptyApp/EmptyApp-Prefix.pch";
				INFOPLIST_FILE = "EmptyApp/EmptyApp-Info.plist";
				PRODUCT_NAME = "$(TARGET_NAME)";
				WRAPPER_EXTENSION = app;
			};
			name = Release;
		};
/* End XCBuildConfiguration section */

/* Begin XCConfigurationList section */
		C854400616C449AF009F36DC /* Build configuration list for PBXProject "EmptyApp" */ = {
			isa = XCConfigurationList;
			buildConfigurations = (
				C854402816C449AF009F36DC /* Debug */,
				C854402916C449AF009F36DC /* Release */,
			);
			defaultConfigurationIsVisible = 0;
			defaultConfigurationName = Release;
		};
		C854402A16C449AF009F36DC /* Build configuration list for PBXNativeTarget "EmptyApp" */ = {
			isa = XCConfigurationList;
			buildConfigurations = (
				C854402B16C449AF009F36DC /* Debug */,
				C854402C16C449AF009F36DC /* Release */,
			);
			defaultConfigurationIsVisible = 0;
		};
/* End XCConfigurationList section */
	};
	rootObject = C854400316C449AF009F36DC /* Project object */;
}
